
Microsoft Visual Studio Solution File, Format Version 11.00
# Visual Studio 2010
Project("{FAE04EC0-301F-11D3-BF4B-00C04F79EFBC}") = "UnityEngine.TestRunner", "UnityEngine.TestRunner.csproj", "{ad63c925-ae55-96fa-4783-1066ff0229b2}"
EndProject
Project("{FAE04EC0-301F-11D3-BF4B-00C04F79EFBC}") = "UnityEngine.UI", "UnityEngine.UI.csproj", "{142d2feb-4adc-4b46-eb67-1ad121fa4e7f}"
EndProject
Project("{FAE04EC0-301F-11D3-BF4B-00C04F79EFBC}") = "Unity.TextMeshPro", "Unity.TextMeshPro.csproj", "{85192967-2ce7-2930-5cd9-9dfbb88a9f4b}"
EndProject
Project("{FAE04EC0-301F-11D3-BF4B-00C04F79EFBC}") = "Unity.Timeline", "Unity.Timeline.csproj", "{1db6475c-7f73-090d-b2a5-d30929ccfae7}"
EndProject
Project("{FAE04EC0-301F-11D3-BF4B-00C04F79EFBC}") = "Assembly-CSharp", "Assembly-CSharp.csproj", "{0d370bb7-9514-5d8b-b5f7-342904cedd9f}"
EndProject
Project("{FAE04EC0-301F-11D3-BF4B-00C04F79EFBC}") = "Unity.TextMeshPro.Editor", "Unity.TextMeshPro.Editor.csproj", "{2e4bc12d-8725-9f91-6a07-266cb2c94ece}"
EndProject
Project("{FAE04EC0-301F-11D3-BF4B-00C04F79EFBC}") = "Unity.Timeline.Editor", "Unity.Timeline.Editor.csproj", "{886ad7f6-bff3-34cc-8ef4-47426a3b7afa}"
EndProject
Project("{FAE04EC0-301F-11D3-BF4B-00C04F79EFBC}") = "Unity.CollabProxy.Editor", "Unity.CollabProxy.Editor.csproj", "{942077f5-3cea-0d9b-a94a-5ed94bd2496a}"
EndProject
Project("{FAE04EC0-301F-11D3-BF4B-00C04F79EFBC}") = "UnityEditor.TestRunner", "UnityEditor.TestRunner.csproj", "{2e6e7616-9189-82e4-3eac-5810b6371b56}"
EndProject
Project("{FAE04EC0-301F-11D3-BF4B-00C04F79EFBC}") = "UnityEditor.UI", "UnityEditor.UI.csproj", "{95d82965-2b74-77a3-4a4e-b0b5725d9653}"
EndProject
Project("{FAE04EC0-301F-11D3-BF4B-00C04F79EFBC}") = "Unity.Rider.Editor", "Unity.Rider.Editor.csproj", "{454c9248-f3af-c51c-4a2e-942db4e89a22}"
EndProject
Project("{FAE04EC0-301F-11D3-BF4B-00C04F79EFBC}") = "Unity.VisualStudio.Editor", "Unity.VisualStudio.Editor.csproj", "{194e1447-8ea9-460e-79ca-f484f6826b4b}"
EndProject
Project("{FAE04EC0-301F-11D3-BF4B-00C04F79EFBC}") = "Unity.VSCode.Editor", "Unity.VSCode.Editor.csproj", "{1d07c7d2-938b-b1b2-44d4-4f0ce1cf515d}"
EndProject
Global
	GlobalSection(SolutionConfigurationPlatforms) = preSolution
		Debug|Any CPU = Debug|Any CPU
	EndGlobalSection
	GlobalSection(ProjectConfigurationPlatforms) = postSolution
		{ad63c925-ae55-96fa-4783-1066ff0229b2}.Debug|Any CPU.ActiveCfg = Debug|Any CPU
		{ad63c925-ae55-96fa-4783-1066ff0229b2}.Debug|Any CPU.Build.0 = Debug|Any CPU
		{142d2feb-4adc-4b46-eb67-1ad121fa4e7f}.Debug|Any CPU.ActiveCfg = Debug|Any CPU
		{142d2feb-4adc-4b46-eb67-1ad121fa4e7f}.Debug|Any CPU.Build.0 = Debug|Any CPU
		{85192967-2ce7-2930-5cd9-9dfbb88a9f4b}.Debug|Any CPU.ActiveCfg = Debug|Any CPU
		{85192967-2ce7-2930-5cd9-9dfbb88a9f4b}.Debug|Any CPU.Build.0 = Debug|Any CPU
		{1db6475c-7f73-090d-b2a5-d30929ccfae7}.Debug|Any CPU.ActiveCfg = Debug|Any CPU
		{1db6475c-7f73-090d-b2a5-d30929ccfae7}.Debug|Any CPU.Build.0 = Debug|Any CPU
		{0d370bb7-9514-5d8b-b5f7-342904cedd9f}.Debug|Any CPU.ActiveCfg = Debug|Any CPU
		{0d370bb7-9514-5d8b-b5f7-342904cedd9f}.Debug|Any CPU.Build.0 = Debug|Any CPU
		{2e4bc12d-8725-9f91-6a07-266cb2c94ece}.Debug|Any CPU.ActiveCfg = Debug|Any CPU
		{2e4bc12d-8725-9f91-6a07-266cb2c94ece}.Debug|Any CPU.Build.0 = Debug|Any CPU
		{886ad7f6-bff3-34cc-8ef4-47426a3b7afa}.Debug|Any CPU.ActiveCfg = Debug|Any CPU
		{886ad7f6-bff3-34cc-8ef4-47426a3b7afa}.Debug|Any CPU.Build.0 = Debug|Any CPU
		{942077f5-3cea-0d9b-a94a-5ed94bd2496a}.Debug|Any CPU.ActiveCfg = Debug|Any CPU
		{942077f5-3cea-0d9b-a94a-5ed94bd2496a}.Debug|Any CPU.Build.0 = Debug|Any CPU
		{2e6e7616-9189-82e4-3eac-5810b6371b56}.Debug|Any CPU.ActiveCfg = Debug|Any CPU
		{2e6e7616-9189-82e4-3eac-5810b6371b56}.Debug|Any CPU.Build.0 = Debug|Any CPU
		{95d82965-2b74-77a3-4a4e-b0b5725d9653}.Debug|Any CPU.ActiveCfg = Debug|Any CPU
		{95d82965-2b74-77a3-4a4e-b0b5725d9653}.Debug|Any CPU.Build.0 = Debug|Any CPU
		{454c9248-f3af-c51c-4a2e-942db4e89a22}.Debug|Any CPU.ActiveCfg = Debug|Any CPU
		{454c9248-f3af-c51c-4a2e-942db4e89a22}.Debug|Any CPU.Build.0 = Debug|Any CPU
		{194e1447-8ea9-460e-79ca-f484f6826b4b}.Debug|Any CPU.ActiveCfg = Debug|Any CPU
		{194e1447-8ea9-460e-79ca-f484f6826b4b}.Debug|Any CPU.Build.0 = Debug|Any CPU
		{1d07c7d2-938b-b1b2-44d4-4f0ce1cf515d}.Debug|Any CPU.ActiveCfg = Debug|Any CPU
		{1d07c7d2-938b-b1b2-44d4-4f0ce1cf515d}.Debug|Any CPU.Build.0 = Debug|Any CPU
	EndGlobalSection
	GlobalSection(SolutionProperties) = preSolution
		HideSolutionNode = FALSE
	EndGlobalSection
EndGlobal
