
Microsoft Visual Studio Solution File, Format Version 12.00
# Visual Studio Version 16
VisualStudioVersion = 16.0.29728.190
MinimumVisualStudioVersion = 10.0.40219.1
Project("{8BC9CEB8-8B4A-11D0-8D11-00A0C91BC942}") = "POOEjemplo1", "POOEjemplo1.vcxproj", "{F441A501-762D-4BB2-A457-D56F5ECEA4C1}"
EndProject
Global
	GlobalSection(SolutionConfigurationPlatforms) = preSolution
		Debug|ARM = Debug|ARM
		Debug|ARM64 = Debug|ARM64
		Debug|x64 = Debug|x64
		Debug|x86 = Debug|x86
		Release|ARM = Release|ARM
		Release|ARM64 = Release|ARM64
		Release|x64 = Release|x64
		Release|x86 = Release|x86
	EndGlobalSection
	GlobalSection(ProjectConfigurationPlatforms) = postSolution
		{F441A501-762D-4BB2-A457-D56F5ECEA4C1}.Debug|ARM.ActiveCfg = Debug|ARM
		{F441A501-762D-4BB2-A457-D56F5ECEA4C1}.Debug|ARM.Build.0 = Debug|ARM
		{F441A501-762D-4BB2-A457-D56F5ECEA4C1}.Debug|ARM.Deploy.0 = Debug|ARM
		{F441A501-762D-4BB2-A457-D56F5ECEA4C1}.Debug|ARM64.ActiveCfg = Debug|ARM64
		{F441A501-762D-4BB2-A457-D56F5ECEA4C1}.Debug|ARM64.Build.0 = Debug|ARM64
		{F441A501-762D-4BB2-A457-D56F5ECEA4C1}.Debug|ARM64.Deploy.0 = Debug|ARM64
		{F441A501-762D-4BB2-A457-D56F5ECEA4C1}.Debug|x64.ActiveCfg = Debug|x64
		{F441A501-762D-4BB2-A457-D56F5ECEA4C1}.Debug|x64.Build.0 = Debug|x64
		{F441A501-762D-4BB2-A457-D56F5ECEA4C1}.Debug|x64.Deploy.0 = Debug|x64
		{F441A501-762D-4BB2-A457-D56F5ECEA4C1}.Debug|x86.ActiveCfg = Debug|Win32
		{F441A501-762D-4BB2-A457-D56F5ECEA4C1}.Debug|x86.Build.0 = Debug|Win32
		{F441A501-762D-4BB2-A457-D56F5ECEA4C1}.Debug|x86.Deploy.0 = Debug|Win32
		{F441A501-762D-4BB2-A457-D56F5ECEA4C1}.Release|ARM.ActiveCfg = Release|ARM
		{F441A501-762D-4BB2-A457-D56F5ECEA4C1}.Release|ARM.Build.0 = Release|ARM
		{F441A501-762D-4BB2-A457-D56F5ECEA4C1}.Release|ARM.Deploy.0 = Release|ARM
		{F441A501-762D-4BB2-A457-D56F5ECEA4C1}.Release|ARM64.ActiveCfg = Release|ARM64
		{F441A501-762D-4BB2-A457-D56F5ECEA4C1}.Release|ARM64.Build.0 = Release|ARM64
		{F441A501-762D-4BB2-A457-D56F5ECEA4C1}.Release|ARM64.Deploy.0 = Release|ARM64
		{F441A501-762D-4BB2-A457-D56F5ECEA4C1}.Release|x64.ActiveCfg = Release|x64
		{F441A501-762D-4BB2-A457-D56F5ECEA4C1}.Release|x64.Build.0 = Release|x64
		{F441A501-762D-4BB2-A457-D56F5ECEA4C1}.Release|x64.Deploy.0 = Release|x64
		{F441A501-762D-4BB2-A457-D56F5ECEA4C1}.Release|x86.ActiveCfg = Release|Win32
		{F441A501-762D-4BB2-A457-D56F5ECEA4C1}.Release|x86.Build.0 = Release|Win32
		{F441A501-762D-4BB2-A457-D56F5ECEA4C1}.Release|x86.Deploy.0 = Release|Win32
	EndGlobalSection
	GlobalSection(SolutionProperties) = preSolution
		HideSolutionNode = FALSE
	EndGlobalSection
	GlobalSection(ExtensibilityGlobals) = postSolution
		SolutionGuid = {670D5E05-024B-45A1-94FA-D42BA5B5713A}
	EndGlobalSection
EndGlobal
